
Microsoft Visual Studio Solution File, Format Version 12.00
# Visual Studio Version 17
VisualStudioVersion = 17.13.35806.99 d17.13
MinimumVisualStudioVersion = 10.0.40219.1
Project("{FAE04EC0-301F-11D3-BF4B-00C04F79EFBC}") = "Aula17", "Aula17.csproj", "{4E60A13C-30FA-434F-8954-2691F3AE4320}"
EndProject
Global
	GlobalSection(SolutionConfigurationPlatforms) = preSolution
		Debug|Any CPU = Debug|Any CPU
		Release|Any CPU = Release|Any CPU
	EndGlobalSection
	GlobalSection(ProjectConfigurationPlatforms) = postSolution
		{4E60A13C-30FA-434F-8954-2691F3AE4320}.Debug|Any CPU.ActiveCfg = Debug|Any CPU
		{4E60A13C-30FA-434F-8954-2691F3AE4320}.Debug|Any CPU.Build.0 = Debug|Any CPU
		{4E60A13C-30FA-434F-8954-2691F3AE4320}.Release|Any CPU.ActiveCfg = Release|Any CPU
		{4E60A13C-30FA-434F-8954-2691F3AE4320}.Release|Any CPU.Build.0 = Release|Any CPU
	EndGlobalSection
	GlobalSection(SolutionProperties) = preSolution
		HideSolutionNode = FALSE
	EndGlobalSection
	GlobalSection(ExtensibilityGlobals) = postSolution
		SolutionGuid = {1C2210E6-5F0F-4B2F-88F1-DFC80F8AE328}
	EndGlobalSection
EndGlobal
